
Microsoft Visual Studio Solution File, Format Version 12.00
# Visual Studio 15
VisualStudioVersion = 15.0.27428.2037
MinimumVisualStudioVersion = 10.0.40219.1
Project("{FAE04EC0-301F-11D3-BF4B-00C04F79EFBC}") = "WebResourceManager", "WebResourceManager.csproj", "{14CA7427-2995-41C1-9A25-B6A5E5C6E71A}"
EndProject
Global
	GlobalSection(SolutionConfigurationPlatforms) = preSolution
		Debug|Any CPU = Debug|Any CPU
		Release|Any CPU = Release|Any CPU
	EndGlobalSection
	GlobalSection(ProjectConfigurationPlatforms) = postSolution
		{14CA7427-2995-41C1-9A25-B6A5E5C6E71A}.Debug|Any CPU.ActiveCfg = Debug|Any CPU
		{14CA7427-2995-41C1-9A25-B6A5E5C6E71A}.Debug|Any CPU.Build.0 = Debug|Any CPU
		{14CA7427-2995-41C1-9A25-B6A5E5C6E71A}.Release|Any CPU.ActiveCfg = Release|Any CPU
		{14CA7427-2995-41C1-9A25-B6A5E5C6E71A}.Release|Any CPU.Build.0 = Release|Any CPU
	EndGlobalSection
	GlobalSection(SolutionProperties) = preSolution
		HideSolutionNode = FALSE
	EndGlobalSection
	GlobalSection(ExtensibilityGlobals) = postSolution
		SolutionGuid = {9A782BB3-B12B-456E-A096-B6AD95FCDCD5}
	EndGlobalSection
EndGlobal
